Microsoft Visual Studio Solution File, Format Version 8.00
Project("{8BC9CEB8-8B4A-11D0-8D11-00A0C91BC942}") = "DVF", "DVF.vcproj", "{4EA66171-D956-40B4-9656-975CFF16DC2B}"
	ProjectSection(ProjectDependencies) = postProject
	EndProjectSection
EndProject
Global
	GlobalSection(SolutionConfiguration) = preSolution
		Debug = Debug
		Release = Release
	EndGlobalSection
	GlobalSection(ProjectConfiguration) = postSolution
		{4EA66171-D956-40B4-9656-975CFF16DC2B}.Debug.ActiveCfg = Debug|Win32
		{4EA66171-D956-40B4-9656-975CFF16DC2B}.Debug.Build.0 = Debug|Win32
		{4EA66171-D956-40B4-9656-975CFF16DC2B}.Release.ActiveCfg = Release|Win32
		{4EA66171-D956-40B4-9656-975CFF16DC2B}.Release.Build.0 = Release|Win32
	EndGlobalSection
	GlobalSection(ExtensibilityGlobals) = postSolution
	EndGlobalSection
	GlobalSection(ExtensibilityAddIns) = postSolution
	EndGlobalSection
EndGlobal
